
Microsoft Visual Studio Solution File, Format Version 12.00
# Visual Studio Version 17
VisualStudioVersion = 17.10.34916.146
MinimumVisualStudioVersion = 10.0.40219.1
Project("{888888A0-9F3D-457C-B088-3A5042F75D52}") = "courseProject4CIS261", "courseProject4CIS261.pyproj", "{B8D73C78-3825-41B6-AEA5-4D4A9D04D104}"
EndProject
Global
	GlobalSection(SolutionConfigurationPlatforms) = preSolution
		Debug|Any CPU = Debug|Any CPU
		Release|Any CPU = Release|Any CPU
	EndGlobalSection
	GlobalSection(ProjectConfigurationPlatforms) = postSolution
		{B8D73C78-3825-41B6-AEA5-4D4A9D04D104}.Debug|Any CPU.ActiveCfg = Debug|Any CPU
		{B8D73C78-3825-41B6-AEA5-4D4A9D04D104}.Release|Any CPU.ActiveCfg = Release|Any CPU
	EndGlobalSection
	GlobalSection(SolutionProperties) = preSolution
		HideSolutionNode = FALSE
	EndGlobalSection
	GlobalSection(ExtensibilityGlobals) = postSolution
		SolutionGuid = {9333B30C-29AE-4FBD-8E02-5F2E318D5B8B}
	EndGlobalSection
EndGlobal
